
Microsoft Visual Studio Solution File, Format Version 12.00
# Visual Studio 15
VisualStudioVersion = 15.0.27004.2002
MinimumVisualStudioVersion = 10.0.40219.1
Project("{FAE04EC0-301F-11D3-BF4B-00C04F79EFBC}") = "Project56_new", "Project56_new\Project56_new.csproj", "{0F028DA3-3689-402D-825E-880E01F4315A}"
EndProject
Global
	GlobalSection(SolutionConfigurationPlatforms) = preSolution
		Debug|Any CPU = Debug|Any CPU
		Release|Any CPU = Release|Any CPU
	EndGlobalSection
	GlobalSection(ProjectConfigurationPlatforms) = postSolution
		{0F028DA3-3689-402D-825E-880E01F4315A}.Debug|Any CPU.ActiveCfg = Debug|Any CPU
		{0F028DA3-3689-402D-825E-880E01F4315A}.Debug|Any CPU.Build.0 = Debug|Any CPU
		{0F028DA3-3689-402D-825E-880E01F4315A}.Release|Any CPU.ActiveCfg = Release|Any CPU
		{0F028DA3-3689-402D-825E-880E01F4315A}.Release|Any CPU.Build.0 = Release|Any CPU
	EndGlobalSection
	GlobalSection(SolutionProperties) = preSolution
		HideSolutionNode = FALSE
	EndGlobalSection
	GlobalSection(ExtensibilityGlobals) = postSolution
		SolutionGuid = {3E4368E8-5637-4739-805F-1536B85A045A}
	EndGlobalSection
EndGlobal
